
Microsoft Visual Studio Solution File, Format Version 12.00
# Visual Studio Version 17
VisualStudioVersion = 17.5.33424.131
MinimumVisualStudioVersion = 10.0.40219.1
Project("{9A19103F-16F7-4668-BE54-9A1E7A4F7556}") = "IndoCash.MonitorService.Host", "IndoCash.MonitorService.Host\IndoCash.MonitorService.Host.csproj", "{81E0F61C-3F6F-435F-B96B-D3C1FF48109A}"
EndProject
Project("{9A19103F-16F7-4668-BE54-9A1E7A4F7556}") = "IndoCash.MonitorService.CheckerJob", "IndoCash.MonitorService.CheckerJob\IndoCash.MonitorService.CheckerJob.csproj", "{ACBE83CC-DE26-464D-951C-F40B09B3BC0F}"
EndProject
Project("{9A19103F-16F7-4668-BE54-9A1E7A4F7556}") = "IndoCash.MonitorService.AlertSender", "IndoCash.MonitorService.AlertSender\IndoCash.MonitorService.AlertSender.csproj", "{8392B282-0114-4196-8D00-0A845116FA16}"
EndProject
Project("{9A19103F-16F7-4668-BE54-9A1E7A4F7556}") = "IndoCash.MonitorService.SkypeBotSender", "IndoCash.MonitorService.SkypeBotSender\IndoCash.MonitorService.SkypeBotSender.csproj", "{FE6D48CE-0BFF-4A37-B3D4-856801768B8D}"
EndProject
Project("{9A19103F-16F7-4668-BE54-9A1E7A4F7556}") = "IndoCash.MonitorService.Utils", "IndoCash.MonitorService.Utils\IndoCash.MonitorService.Utils.csproj", "{4D366200-BC7E-4C74-8DDE-19DA2769531A}"
EndProject
Project("{9A19103F-16F7-4668-BE54-9A1E7A4F7556}") = "IndoCash.MonitorService.CheckerJob.Test", "IndoCash.MonitorService.CheckerJob.Test\IndoCash.MonitorService.CheckerJob.Test.csproj", "{9902A635-F6A6-4E51-8CC6-0C131AC02670}"
EndProject
Project("{FAE04EC0-301F-11D3-BF4B-00C04F79EFBC}") = "IndoCash.MonitorService.Host.UnitTest", "IndoCash.MonitorService.Host.UnitTest\IndoCash.MonitorService.Host.UnitTest.csproj", "{7916B325-FACE-4832-8F05-E7E90CD0A8E2}"
EndProject
Global
	GlobalSection(SolutionConfigurationPlatforms) = preSolution
		Debug|Any CPU = Debug|Any CPU
		Release|Any CPU = Release|Any CPU
	EndGlobalSection
	GlobalSection(ProjectConfigurationPlatforms) = postSolution
		{81E0F61C-3F6F-435F-B96B-D3C1FF48109A}.Debug|Any CPU.ActiveCfg = Debug|Any CPU
		{81E0F61C-3F6F-435F-B96B-D3C1FF48109A}.Debug|Any CPU.Build.0 = Debug|Any CPU
		{81E0F61C-3F6F-435F-B96B-D3C1FF48109A}.Release|Any CPU.ActiveCfg = Release|Any CPU
		{81E0F61C-3F6F-435F-B96B-D3C1FF48109A}.Release|Any CPU.Build.0 = Release|Any CPU
		{ACBE83CC-DE26-464D-951C-F40B09B3BC0F}.Debug|Any CPU.ActiveCfg = Debug|Any CPU
		{ACBE83CC-DE26-464D-951C-F40B09B3BC0F}.Debug|Any CPU.Build.0 = Debug|Any CPU
		{ACBE83CC-DE26-464D-951C-F40B09B3BC0F}.Release|Any CPU.ActiveCfg = Release|Any CPU
		{ACBE83CC-DE26-464D-951C-F40B09B3BC0F}.Release|Any CPU.Build.0 = Release|Any CPU
		{8392B282-0114-4196-8D00-0A845116FA16}.Debug|Any CPU.ActiveCfg = Debug|Any CPU
		{8392B282-0114-4196-8D00-0A845116FA16}.Debug|Any CPU.Build.0 = Debug|Any CPU
		{8392B282-0114-4196-8D00-0A845116FA16}.Release|Any CPU.ActiveCfg = Release|Any CPU
		{8392B282-0114-4196-8D00-0A845116FA16}.Release|Any CPU.Build.0 = Release|Any CPU
		{FE6D48CE-0BFF-4A37-B3D4-856801768B8D}.Debug|Any CPU.ActiveCfg = Debug|Any CPU
		{FE6D48CE-0BFF-4A37-B3D4-856801768B8D}.Debug|Any CPU.Build.0 = Debug|Any CPU
		{FE6D48CE-0BFF-4A37-B3D4-856801768B8D}.Release|Any CPU.ActiveCfg = Release|Any CPU
		{FE6D48CE-0BFF-4A37-B3D4-856801768B8D}.Release|Any CPU.Build.0 = Release|Any CPU
		{4D366200-BC7E-4C74-8DDE-19DA2769531A}.Debug|Any CPU.ActiveCfg = Debug|Any CPU
		{4D366200-BC7E-4C74-8DDE-19DA2769531A}.Debug|Any CPU.Build.0 = Debug|Any CPU
		{4D366200-BC7E-4C74-8DDE-19DA2769531A}.Release|Any CPU.ActiveCfg = Release|Any CPU
		{4D366200-BC7E-4C74-8DDE-19DA2769531A}.Release|Any CPU.Build.0 = Release|Any CPU
		{9902A635-F6A6-4E51-8CC6-0C131AC02670}.Debug|Any CPU.ActiveCfg = Debug|Any CPU
		{9902A635-F6A6-4E51-8CC6-0C131AC02670}.Debug|Any CPU.Build.0 = Debug|Any CPU
		{9902A635-F6A6-4E51-8CC6-0C131AC02670}.Release|Any CPU.ActiveCfg = Release|Any CPU
		{9902A635-F6A6-4E51-8CC6-0C131AC02670}.Release|Any CPU.Build.0 = Release|Any CPU
		{7916B325-FACE-4832-8F05-E7E90CD0A8E2}.Debug|Any CPU.ActiveCfg = Debug|Any CPU
		{7916B325-FACE-4832-8F05-E7E90CD0A8E2}.Debug|Any CPU.Build.0 = Debug|Any CPU
		{7916B325-FACE-4832-8F05-E7E90CD0A8E2}.Release|Any CPU.ActiveCfg = Release|Any CPU
		{7916B325-FACE-4832-8F05-E7E90CD0A8E2}.Release|Any CPU.Build.0 = Release|Any CPU
	EndGlobalSection
	GlobalSection(SolutionProperties) = preSolution
		HideSolutionNode = FALSE
	EndGlobalSection
	GlobalSection(ExtensibilityGlobals) = postSolution
		SolutionGuid = {5CAE3D91-8845-4750-B596-A0F5B741A775}
	EndGlobalSection
EndGlobal
